# This file is automatically @generated by Cargo.
# It is not intended for manual editing.
version = 4

[[package]]
name = "ch32v003"
version = "0.0.0"
dependencies = [
 "qingke-v2a",
 "rv32",
 "sherbet",
]

[[package]]
name = "qemu-rv32-virt"
version = "0.0.0"
dependencies = [
 "rv32",
 "sherbet",
]

[[package]]
name = "qingke-v2a"
version = "0.0.0"
dependencies = [
 "sherbet",
]

[[package]]
name = "rv32"
version = "0.0.0"
dependencies = [
 "sherbet",
]

[[package]]
name = "sherbet"
version = "0.0.0"
