# This file is automatically @generated by Cargo.
# It is not intended for manual editing.
version = 4

[[package]]
name = "ch32v003"
version = "0.0.0"
dependencies = [
 "qingkev2a",
 "sherbet",
]

[[package]]
name = "qemu-rv32-virt"
version = "0.0.0"
dependencies = [
 "sherbet",
]

[[package]]
name = "qingkev2a"
version = "0.0.0"
dependencies = [
 "sherbet",
]

[[package]]
name = "sherbet"
version = "0.0.0"
dependencies = [
 "xdd-proto",
]

[[package]]
name = "xdd-proto"
version = "0.0.0"
